
Microsoft Visual Studio Solution File, Format Version 12.00
# Visual Studio Version 17
VisualStudioVersion = 17.5.002.0
MinimumVisualStudioVersion = 10.0.40219.1
Project("{9A19103F-16F7-4668-BE54-9A1E7A4F7556}") = "hololive", "hololive.csproj", "{FC9FDB61-48C1-445D-81A6-EB28DE53A06D}"
EndProject
Global
	GlobalSection(SolutionConfigurationPlatforms) = preSolution
		Debug|Any CPU = Debug|Any CPU
		Release|Any CPU = Release|Any CPU
	EndGlobalSection
	GlobalSection(ProjectConfigurationPlatforms) = postSolution
		{FC9FDB61-48C1-445D-81A6-EB28DE53A06D}.Debug|Any CPU.ActiveCfg = Debug|Any CPU
		{FC9FDB61-48C1-445D-81A6-EB28DE53A06D}.Debug|Any CPU.Build.0 = Debug|Any CPU
		{FC9FDB61-48C1-445D-81A6-EB28DE53A06D}.Release|Any CPU.ActiveCfg = Release|Any CPU
		{FC9FDB61-48C1-445D-81A6-EB28DE53A06D}.Release|Any CPU.Build.0 = Release|Any CPU
	EndGlobalSection
	GlobalSection(SolutionProperties) = preSolution
		HideSolutionNode = FALSE
	EndGlobalSection
	GlobalSection(ExtensibilityGlobals) = postSolution
		SolutionGuid = {FE287E1E-D3C1-4396-B5E8-44C9C82A97ED}
	EndGlobalSection
EndGlobal
